
Microsoft Visual Studio Solution File, Format Version 12.00
# Visual Studio Version 16
VisualStudioVersion = 16.0.32002.261
MinimumVisualStudioVersion = 10.0.40219.1
Project("{FAE04EC0-301F-11D3-BF4B-00C04F79EFBC}") = "NhanVien23.2", "NhanVien23.2\NhanVien23.2.csproj", "{84B6894C-184C-4CD8-A9B6-5A8E3EC1695E}"
EndProject
Global
	GlobalSection(SolutionConfigurationPlatforms) = preSolution
		Debug|Any CPU = Debug|Any CPU
		Release|Any CPU = Release|Any CPU
	EndGlobalSection
	GlobalSection(ProjectConfigurationPlatforms) = postSolution
		{84B6894C-184C-4CD8-A9B6-5A8E3EC1695E}.Debug|Any CPU.ActiveCfg = Debug|Any CPU
		{84B6894C-184C-4CD8-A9B6-5A8E3EC1695E}.Debug|Any CPU.Build.0 = Debug|Any CPU
		{84B6894C-184C-4CD8-A9B6-5A8E3EC1695E}.Release|Any CPU.ActiveCfg = Release|Any CPU
		{84B6894C-184C-4CD8-A9B6-5A8E3EC1695E}.Release|Any CPU.Build.0 = Release|Any CPU
	EndGlobalSection
	GlobalSection(SolutionProperties) = preSolution
		HideSolutionNode = FALSE
	EndGlobalSection
	GlobalSection(ExtensibilityGlobals) = postSolution
		SolutionGuid = {11209993-CB0F-4C6B-BE9D-82DA405859F3}
	EndGlobalSection
EndGlobal
